
Microsoft Visual Studio Solution File, Format Version 12.00
# Visual Studio 15
VisualStudioVersion = 15.0.33403.129
MinimumVisualStudioVersion = 10.0.40219.1
Project("{FAE04EC0-301F-11D3-BF4B-00C04F79EFBC}") = "Sololearn_Text_Compressor", "Sololearn_Text_Compressor\Sololearn_Text_Compressor.csproj", "{FFA13EE2-38CB-44E6-9088-3498D4E3958C}"
EndProject
Global
	GlobalSection(SolutionConfigurationPlatforms) = preSolution
		Debug|Any CPU = Debug|Any CPU
		Release|Any CPU = Release|Any CPU
	EndGlobalSection
	GlobalSection(ProjectConfigurationPlatforms) = postSolution
		{FFA13EE2-38CB-44E6-9088-3498D4E3958C}.Debug|Any CPU.ActiveCfg = Debug|Any CPU
		{FFA13EE2-38CB-44E6-9088-3498D4E3958C}.Debug|Any CPU.Build.0 = Debug|Any CPU
		{FFA13EE2-38CB-44E6-9088-3498D4E3958C}.Release|Any CPU.ActiveCfg = Release|Any CPU
		{FFA13EE2-38CB-44E6-9088-3498D4E3958C}.Release|Any CPU.Build.0 = Release|Any CPU
	EndGlobalSection
	GlobalSection(SolutionProperties) = preSolution
		HideSolutionNode = FALSE
	EndGlobalSection
	GlobalSection(ExtensibilityGlobals) = postSolution
		SolutionGuid = {B7B1D029-8C34-4BEF-875E-6952FF18AF6D}
	EndGlobalSection
EndGlobal
